// !$*UTF8*$!
{
	archiveVersion = 1;
	classes = {
	};
	objectVersion = 48;
	objects = {

/* Begin PBXBuildFile section */
		022903AD1FB4886000373981 /* Assets.xcassets in Resources */ = {isa = PBXBuildFile; fileRef = 022903A51FB4886000373981 /* Assets.xcassets */; };
		022903AE1FB4886000373981 /* LaunchScreen.storyboard in Resources */ = {isa = PBXBuildFile; fileRef = 022903A61FB4886000373981 /* LaunchScreen.storyboard */; };
		022903AF1FB4886000373981 /* Main.storyboard in Resources */ = {isa = PBXBuildFile; fileRef = 022903A81FB4886000373981 /* Main.storyboard */; };
		022903B01FB4886000373981 /* main.m in Sources */ = {isa = PBXBuildFile; fileRef = 022903AA1FB4886000373981 /* main.m */; };
		022903B11FB4886000373981 /* AppDelegate.m in Sources */ = {isa = PBXBuildFile; fileRef = 022903AB1FB4886000373981 /* AppDelegate.m */; };
		022903B21FB4886000373981 /* Info.plist in Resources */ = {isa = PBXBuildFile; fileRef = 022903AC1FB4886000373981 /* Info.plist */; };
		022903BC1FB4900E00373981 /* GEMHomeViewController.m in Sources */ = {isa = PBXBuildFile; fileRef = 022903B71FB4900D00373981 /* GEMHomeViewController.m */; };
		022903BF1FB4903500373981 /* GEMColumnTableViewCell.m in Sources */ = {isa = PBXBuildFile; fileRef = 022903BE1FB4903500373981 /* GEMColumnTableViewCell.m */; };
		022903F21FB4948400373981 /* Outgoing+QQ.m in Sources */ = {isa = PBXBuildFile; fileRef = 022903DF1FB4948400373981 /* Outgoing+QQ.m */; };
		022903F31FB4948400373981 /* Outgoing+Renren.m in Sources */ = {isa = PBXBuildFile; fileRef = 022903E01FB4948400373981 /* Outgoing+Renren.m */; };
		022903F41FB4948400373981 /* Outgoing+Weibo.m in Sources */ = {isa = PBXBuildFile; fileRef = 022903E21FB4948400373981 /* Outgoing+Weibo.m */; };
		022903F51FB4948400373981 /* Outgoing.m in Sources */ = {isa = PBXBuildFile; fileRef = 022903E41FB4948400373981 /* Outgoing.m */; };
		022903F61FB4948400373981 /* Outgoing+BaoPaiement.m in Sources */ = {isa = PBXBuildFile; fileRef = 022903E81FB4948400373981 /* Outgoing+BaoPaiement.m */; };
		022903F71FB4948400373981 /* Outgoing+Weixin.m in Sources */ = {isa = PBXBuildFile; fileRef = 022903EA1FB4948400373981 /* Outgoing+Weixin.m */; };
		022903F81FB4948400373981 /* NSData+AES256.m in Sources */ = {isa = PBXBuildFile; fileRef = 022903ED1FB4948400373981 /* NSData+AES256.m */; };
		022903F91FB4948400373981 /* NSString+MD5.m in Sources */ = {isa = PBXBuildFile; fileRef = 022903F01FB4948400373981 /* NSString+MD5.m */; };
		02CB27F81FB3477B0056C16D /* MissGemTests.m in Sources */ = {isa = PBXBuildFile; fileRef = 02CB27F71FB3477B0056C16D /* MissGemTests.m */; };
		02CB28031FB3477B0056C16D /* MissGemUITests.m in Sources */ = {isa = PBXBuildFile; fileRef = 02CB28021FB3477B0056C16D /* MissGemUITests.m */; };
		1749CC14ED36F0BB2FBB741B /* Pods_MissGemTests.framework in Frameworks */ = {isa = PBXBuildFile; fileRef = AA5AEB88F6455EC2B2A33A06 /* Pods_MissGemTests.framework */; };
		313FBA3272EAAC81B1E90E07 /* Pods_MissGem.framework in Frameworks */ = {isa = PBXBuildFile; fileRef = 32B4AC95A3B6345B7C5C4494 /* Pods_MissGem.framework */; };
		A1503FF1EBF0180D1EC5AF83 /* Pods_MissGemUITests.framework in Frameworks */ = {isa = PBXBuildFile; fileRef = 8F25AD5E0DAD67F10B8674FA /* Pods_MissGemUITests.framework */; };
/* End PBXBuildFile section */

/* Begin PBXContainerItemProxy section */
		02CB27F41FB3477B0056C16D /* PBXContainerItemProxy */ = {
			isa = PBXContainerItemProxy;
			containerPortal = 02CB27D01FB3477B0056C16D /* Project object */;
			proxyType = 1;
			remoteGlobalIDString = 02CB27D71FB3477B0056C16D;
			remoteInfo = MissGem;
		};
		02CB27FF1FB3477B0056C16D /* PBXContainerItemProxy */ = {
			isa = PBXContainerItemProxy;
			containerPortal = 02CB27D01FB3477B0056C16D /* Project object */;
			proxyType = 1;
			remoteGlobalIDString = 02CB27D71FB3477B0056C16D;
			remoteInfo = MissGem;
		};
/* End PBXContainerItemProxy section */

/* Begin PBXFileReference section */
		022903A41FB4886000373981 /* AppDelegate.h */ = {isa = PBXFileReference; fileEncoding = 4; lastKnownFileType = sourcecode.c.h; path = AppDelegate.h; sourceTree = "<group>"; };
		022903A51FB4886000373981 /* Assets.xcassets */ = {isa = PBXFileReference; lastKnownFileType = folder.assetcatalog; path = Assets.xcassets; sourceTree = "<group>"; };
		022903A71FB4886000373981 /* Base */ = {isa = PBXFileReference; lastKnownFileType = file.storyboard; name = Base; path = Base.lproj/LaunchScreen.storyboard; sourceTree = "<group>"; };
		022903A91FB4886000373981 /* Base */ = {isa = PBXFileReference; lastKnownFileType = file.storyboard; name = Base; path = Base.lproj/Main.storyboard; sourceTree = "<group>"; };
		022903AA1FB4886000373981 /* main.m */ = {isa = PBXFileReference; fileEncoding = 4; lastKnownFileType = sourcecode.c.objc; path = main.m; sourceTree = "<group>"; };
		022903AB1FB4886000373981 /* AppDelegate.m */ = {isa = PBXFileReference; fileEncoding = 4; lastKnownFileType = sourcecode.c.objc; path = AppDelegate.m; sourceTree = "<group>"; };
		022903AC1FB4886000373981 /* Info.plist */ = {isa = PBXFileReference; fileEncoding = 4; lastKnownFileType = text.plist.xml; path = Info.plist; sourceTree = "<group>"; };
		022903B71FB4900D00373981 /* GEMHomeViewController.m */ = {isa = PBXFileReference; fileEncoding = 4; lastKnownFileType = sourcecode.c.objc; path = GEMHomeViewController.m; sourceTree = "<group>"; };
		022903B81FB4900D00373981 /* GEMHomeViewController.h */ = {isa = PBXFileReference; fileEncoding = 4; lastKnownFileType = sourcecode.c.h; path = GEMHomeViewController.h; sourceTree = "<group>"; };
		022903BD1FB4903500373981 /* GEMColumnTableViewCell.h */ = {isa = PBXFileReference; lastKnownFileType = sourcecode.c.h; path = GEMColumnTableViewCell.h; sourceTree = "<group>"; };
		022903BE1FB4903500373981 /* GEMColumnTableViewCell.m */ = {isa = PBXFileReference; lastKnownFileType = sourcecode.c.objc; path = GEMColumnTableViewCell.m; sourceTree = "<group>"; };
		022903DF1FB4948400373981 /* Outgoing+QQ.m */ = {isa = PBXFileReference; fileEncoding = 4; lastKnownFileType = sourcecode.c.objc; path = "Outgoing+QQ.m"; sourceTree = "<group>"; };
		022903E01FB4948400373981 /* Outgoing+Renren.m */ = {isa = PBXFileReference; fileEncoding = 4; lastKnownFileType = sourcecode.c.objc; path = "Outgoing+Renren.m"; sourceTree = "<group>"; };
		022903E11FB4948400373981 /* Outgoing+Weixin.h */ = {isa = PBXFileReference; fileEncoding = 4; lastKnownFileType = sourcecode.c.h; path = "Outgoing+Weixin.h"; sourceTree = "<group>"; };
		022903E21FB4948400373981 /* Outgoing+Weibo.m */ = {isa = PBXFileReference; fileEncoding = 4; lastKnownFileType = sourcecode.c.objc; path = "Outgoing+Weibo.m"; sourceTree = "<group>"; };
		022903E31FB4948400373981 /* Outgoing+BaoPaiement.h */ = {isa = PBXFileReference; fileEncoding = 4; lastKnownFileType = sourcecode.c.h; path = "Outgoing+BaoPaiement.h"; sourceTree = "<group>"; };
		022903E41FB4948400373981 /* Outgoing.m */ = {isa = PBXFileReference; fileEncoding = 4; lastKnownFileType = sourcecode.c.objc; path = Outgoing.m; sourceTree = "<group>"; };
		022903E51FB4948400373981 /* Outgoing+QQ.h */ = {isa = PBXFileReference; fileEncoding = 4; lastKnownFileType = sourcecode.c.h; path = "Outgoing+QQ.h"; sourceTree = "<group>"; };
		022903E61FB4948400373981 /* Outgoing+Renren.h */ = {isa = PBXFileReference; fileEncoding = 4; lastKnownFileType = sourcecode.c.h; path = "Outgoing+Renren.h"; sourceTree = "<group>"; };
		022903E71FB4948400373981 /* Outgoing.h */ = {isa = PBXFileReference; fileEncoding = 4; lastKnownFileType = sourcecode.c.h; path = Outgoing.h; sourceTree = "<group>"; };
		022903E81FB4948400373981 /* Outgoing+BaoPaiement.m */ = {isa = PBXFileReference; fileEncoding = 4; lastKnownFileType = sourcecode.c.objc; path = "Outgoing+BaoPaiement.m"; sourceTree = "<group>"; };
		022903E91FB4948400373981 /* Outgoing+Weibo.h */ = {isa = PBXFileReference; fileEncoding = 4; lastKnownFileType = sourcecode.c.h; path = "Outgoing+Weibo.h"; sourceTree = "<group>"; };
		022903EA1FB4948400373981 /* Outgoing+Weixin.m */ = {isa = PBXFileReference; fileEncoding = 4; lastKnownFileType = sourcecode.c.objc; path = "Outgoing+Weixin.m"; sourceTree = "<group>"; };
		022903EB1FB4948400373981 /* OutgoingHeader.h */ = {isa = PBXFileReference; fileEncoding = 4; lastKnownFileType = sourcecode.c.h; path = OutgoingHeader.h; sourceTree = "<group>"; };
		022903ED1FB4948400373981 /* NSData+AES256.m */ = {isa = PBXFileReference; fileEncoding = 4; lastKnownFileType = sourcecode.c.objc; path = "NSData+AES256.m"; sourceTree = "<group>"; };
		022903EE1FB4948400373981 /* NSString+MD5.h */ = {isa = PBXFileReference; fileEncoding = 4; lastKnownFileType = sourcecode.c.h; path = "NSString+MD5.h"; sourceTree = "<group>"; };
		022903EF1FB4948400373981 /* NSData+AES256.h */ = {isa = PBXFileReference; fileEncoding = 4; lastKnownFileType = sourcecode.c.h; path = "NSData+AES256.h"; sourceTree = "<group>"; };
		022903F01FB4948400373981 /* NSString+MD5.m */ = {isa = PBXFileReference; fileEncoding = 4; lastKnownFileType = sourcecode.c.objc; path = "NSString+MD5.m"; sourceTree = "<group>"; };
		023FC4B91FB826F60008A94C /* MissGem-Bridging-Header.h */ = {isa = PBXFileReference; lastKnownFileType = sourcecode.c.h; path = "MissGem-Bridging-Header.h"; sourceTree = "<group>"; };
		02CB27D81FB3477B0056C16D /* MissGem.app */ = {isa = PBXFileReference; explicitFileType = wrapper.application; includeInIndex = 0; path = MissGem.app; sourceTree = BUILT_PRODUCTS_DIR; };
		02CB27F31FB3477B0056C16D /* MissGemTests.xctest */ = {isa = PBXFileReference; explicitFileType = wrapper.cfbundle; includeInIndex = 0; path = MissGemTests.xctest; sourceTree = BUILT_PRODUCTS_DIR; };
		02CB27F71FB3477B0056C16D /* MissGemTests.m */ = {isa = PBXFileReference; lastKnownFileType = sourcecode.c.objc; path = MissGemTests.m; sourceTree = "<group>"; };
		02CB27F91FB3477B0056C16D /* Info.plist */ = {isa = PBXFileReference; lastKnownFileType = text.plist.xml; path = Info.plist; sourceTree = "<group>"; };
		02CB27FE1FB3477B0056C16D /* MissGemUITests.xctest */ = {isa = PBXFileReference; explicitFileType = wrapper.cfbundle; includeInIndex = 0; path = MissGemUITests.xctest; sourceTree = BUILT_PRODUCTS_DIR; };
		02CB28021FB3477B0056C16D /* MissGemUITests.m */ = {isa = PBXFileReference; lastKnownFileType = sourcecode.c.objc; path = MissGemUITests.m; sourceTree = "<group>"; };
		02CB28041FB3477B0056C16D /* Info.plist */ = {isa = PBXFileReference; lastKnownFileType = text.plist.xml; path = Info.plist; sourceTree = "<group>"; };
		3165071ABBCA7DE70F93267A /* Pods-MissGemTests.debug.xcconfig */ = {isa = PBXFileReference; includeInIndex = 1; lastKnownFileType = text.xcconfig; name = "Pods-MissGemTests.debug.xcconfig"; path = "Pods/Target Support Files/Pods-MissGemTests/Pods-MissGemTests.debug.xcconfig"; sourceTree = "<group>"; };
		32B4AC95A3B6345B7C5C4494 /* Pods_MissGem.framework */ = {isa = PBXFileReference; explicitFileType = wrapper.framework; includeInIndex = 0; path = Pods_MissGem.framework; sourceTree = BUILT_PRODUCTS_DIR; };
		4DE555DC45F7DD0A4DC1853C /* Pods-MissGemUITests.debug.xcconfig */ = {isa = PBXFileReference; includeInIndex = 1; lastKnownFileType = text.xcconfig; name = "Pods-MissGemUITests.debug.xcconfig"; path = "Pods/Target Support Files/Pods-MissGemUITests/Pods-MissGemUITests.debug.xcconfig"; sourceTree = "<group>"; };
		5321B5520EF3A3A556EDC158 /* Pods-MissGemTests.release.xcconfig */ = {isa = PBXFileReference; includeInIndex = 1; lastKnownFileType = text.xcconfig; name = "Pods-MissGemTests.release.xcconfig"; path = "Pods/Target Support Files/Pods-MissGemTests/Pods-MissGemTests.release.xcconfig"; sourceTree = "<group>"; };
		60E6764A19DE4E47C466B540 /* Pods-MissGem.release.xcconfig */ = {isa = PBXFileReference; includeInIndex = 1; lastKnownFileType = text.xcconfig; name = "Pods-MissGem.release.xcconfig"; path = "Pods/Target Support Files/Pods-MissGem/Pods-MissGem.release.xcconfig"; sourceTree = "<group>"; };
		8F25AD5E0DAD67F10B8674FA /* Pods_MissGemUITests.framework */ = {isa = PBXFileReference; explicitFileType = wrapper.framework; includeInIndex = 0; path = Pods_MissGemUITests.framework; sourceTree = BUILT_PRODUCTS_DIR; };
		98826D23D2D241AE2473572B /* Pods-MissGemUITests.release.xcconfig */ = {isa = PBXFileReference; includeInIndex = 1; lastKnownFileType = text.xcconfig; name = "Pods-MissGemUITests.release.xcconfig"; path = "Pods/Target Support Files/Pods-MissGemUITests/Pods-MissGemUITests.release.xcconfig"; sourceTree = "<group>"; };
		AA5AEB88F6455EC2B2A33A06 /* Pods_MissGemTests.framework */ = {isa = PBXFileReference; explicitFileType = wrapper.framework; includeInIndex = 0; path = Pods_MissGemTests.framework; sourceTree = BUILT_PRODUCTS_DIR; };
		C7405C3A2E4ADCC2724B3BC0 /* Pods-MissGem.debug.xcconfig */ = {isa = PBXFileReference; includeInIndex = 1; lastKnownFileType = text.xcconfig; name = "Pods-MissGem.debug.xcconfig"; path = "Pods/Target Support Files/Pods-MissGem/Pods-MissGem.debug.xcconfig"; sourceTree = "<group>"; };
/* End PBXFileReference section */

/* Begin PBXFrameworksBuildPhase section */
		02CB27D51FB3477B0056C16D /* Frameworks */ = {
			isa = PBXFrameworksBuildPhase;
			buildActionMask = 2147483647;
			files = (
				313FBA3272EAAC81B1E90E07 /* Pods_MissGem.framework in Frameworks */,
			);
			runOnlyForDeploymentPostprocessing = 0;
		};
		02CB27F01FB3477B0056C16D /* Frameworks */ = {
			isa = PBXFrameworksBuildPhase;
			buildActionMask = 2147483647;
			files = (
				1749CC14ED36F0BB2FBB741B /* Pods_MissGemTests.framework in Frameworks */,
			);
			runOnlyForDeploymentPostprocessing = 0;
		};
		02CB27FB1FB3477B0056C16D /* Frameworks */ = {
			isa = PBXFrameworksBuildPhase;
			buildActionMask = 2147483647;
			files = (
				A1503FF1EBF0180D1EC5AF83 /* Pods_MissGemUITests.framework in Frameworks */,
			);
			runOnlyForDeploymentPostprocessing = 0;
		};
/* End PBXFrameworksBuildPhase section */

/* Begin PBXGroup section */
		0229039E1FB4882000373981 /* WishList */ = {
			isa = PBXGroup;
			children = (
			);
			path = WishList;
			sourceTree = "<group>";
		};
		0229039F1FB4882000373981 /* Home */ = {
			isa = PBXGroup;
			children = (
				022903B61FB4900D00373981 /* Controller */,
				022903B91FB4900D00373981 /* Model */,
				022903BA1FB4900D00373981 /* view */,
			);
			path = Home;
			sourceTree = "<group>";
		};
		022903A01FB4882000373981 /* UserProfiles */ = {
			isa = PBXGroup;
			children = (
			);
			path = UserProfiles;
			sourceTree = "<group>";
		};
		022903A11FB4882100373981 /* Common */ = {
			isa = PBXGroup;
			children = (
			);
			path = Common;
			sourceTree = "<group>";
		};
		022903A21FB4882100373981 /* SelectGem */ = {
			isa = PBXGroup;
			children = (
			);
			path = SelectGem;
			sourceTree = "<group>";
		};
		022903A31FB4886000373981 /* SupportingFiles */ = {
			isa = PBXGroup;
			children = (
				022903A51FB4886000373981 /* Assets.xcassets */,
				022903A61FB4886000373981 /* LaunchScreen.storyboard */,
				022903A81FB4886000373981 /* Main.storyboard */,
				022903AA1FB4886000373981 /* main.m */,
				022903A41FB4886000373981 /* AppDelegate.h */,
				022903AB1FB4886000373981 /* AppDelegate.m */,
				023FC4B91FB826F60008A94C /* MissGem-Bridging-Header.h */,
			);
			path = SupportingFiles;
			sourceTree = "<group>";
		};
		022903B61FB4900D00373981 /* Controller */ = {
			isa = PBXGroup;
			children = (
				022903B81FB4900D00373981 /* GEMHomeViewController.h */,
				022903B71FB4900D00373981 /* GEMHomeViewController.m */,
			);
			path = Controller;
			sourceTree = "<group>";
		};
		022903B91FB4900D00373981 /* Model */ = {
			isa = PBXGroup;
			children = (
			);
			path = Model;
			sourceTree = "<group>";
		};
		022903BA1FB4900D00373981 /* view */ = {
			isa = PBXGroup;
			children = (
				022903BB1FB4900D00373981 /* GEMColumn */,
			);
			path = view;
			sourceTree = "<group>";
		};
		022903BB1FB4900D00373981 /* GEMColumn */ = {
			isa = PBXGroup;
			children = (
				022903BD1FB4903500373981 /* GEMColumnTableViewCell.h */,
				022903BE1FB4903500373981 /* GEMColumnTableViewCell.m */,
			);
			path = GEMColumn;
			sourceTree = "<group>";
		};
		022903DD1FB4948400373981 /* ThirdParty */ = {
			isa = PBXGroup;
			children = (
				022903DE1FB4948400373981 /* Outgoing */,
			);
			path = ThirdParty;
			sourceTree = "<group>";
		};
		022903DE1FB4948400373981 /* Outgoing */ = {
			isa = PBXGroup;
			children = (
				022903DF1FB4948400373981 /* Outgoing+QQ.m */,
				022903E01FB4948400373981 /* Outgoing+Renren.m */,
				022903E11FB4948400373981 /* Outgoing+Weixin.h */,
				022903E21FB4948400373981 /* Outgoing+Weibo.m */,
				022903E31FB4948400373981 /* Outgoing+BaoPaiement.h */,
				022903E41FB4948400373981 /* Outgoing.m */,
				022903E51FB4948400373981 /* Outgoing+QQ.h */,
				022903E61FB4948400373981 /* Outgoing+Renren.h */,
				022903E71FB4948400373981 /* Outgoing.h */,
				022903E81FB4948400373981 /* Outgoing+BaoPaiement.m */,
				022903E91FB4948400373981 /* Outgoing+Weibo.h */,
				022903EA1FB4948400373981 /* Outgoing+Weixin.m */,
				022903EB1FB4948400373981 /* OutgoingHeader.h */,
			);
			path = Outgoing;
			sourceTree = "<group>";
		};
		022903EC1FB4948400373981 /* Category */ = {
			isa = PBXGroup;
			children = (
				022903ED1FB4948400373981 /* NSData+AES256.m */,
				022903EE1FB4948400373981 /* NSString+MD5.h */,
				022903EF1FB4948400373981 /* NSData+AES256.h */,
				022903F01FB4948400373981 /* NSString+MD5.m */,
			);
			path = Category;
			sourceTree = "<group>";
		};
		022903F11FB4948400373981 /* Other */ = {
			isa = PBXGroup;
			children = (
			);
			path = Other;
			sourceTree = "<group>";
		};
		02CB27CF1FB3477B0056C16D = {
			isa = PBXGroup;
			children = (
				02CB27DA1FB3477B0056C16D /* MissGem */,
				02CB27F61FB3477B0056C16D /* MissGemTests */,
				02CB28011FB3477B0056C16D /* MissGemUITests */,
				02CB27D91FB3477B0056C16D /* Products */,
				5D980C8A3C3FCE0685D90EEC /* Pods */,
				7C9FC30EF48462A2D7522BB7 /* Frameworks */,
			);
			sourceTree = "<group>";
		};
		02CB27D91FB3477B0056C16D /* Products */ = {
			isa = PBXGroup;
			children = (
				02CB27D81FB3477B0056C16D /* MissGem.app */,
				02CB27F31FB3477B0056C16D /* MissGemTests.xctest */,
				02CB27FE1FB3477B0056C16D /* MissGemUITests.xctest */,
			);
			name = Products;
			sourceTree = "<group>";
		};
		02CB27DA1FB3477B0056C16D /* MissGem */ = {
			isa = PBXGroup;
			children = (
				022903AC1FB4886000373981 /* Info.plist */,
				022903A31FB4886000373981 /* SupportingFiles */,
				022903A11FB4882100373981 /* Common */,
				0229039F1FB4882000373981 /* Home */,
				022903A21FB4882100373981 /* SelectGem */,
				022903A01FB4882000373981 /* UserProfiles */,
				0229039E1FB4882000373981 /* WishList */,
				022903EC1FB4948400373981 /* Category */,
				022903F11FB4948400373981 /* Other */,
				022903DD1FB4948400373981 /* ThirdParty */,
			);
			path = MissGem;
			sourceTree = "<group>";
		};
		02CB27F61FB3477B0056C16D /* MissGemTests */ = {
			isa = PBXGroup;
			children = (
				02CB27F71FB3477B0056C16D /* MissGemTests.m */,
				02CB27F91FB3477B0056C16D /* Info.plist */,
			);
			path = MissGemTests;
			sourceTree = "<group>";
		};
		02CB28011FB3477B0056C16D /* MissGemUITests */ = {
			isa = PBXGroup;
			children = (
				02CB28021FB3477B0056C16D /* MissGemUITests.m */,
				02CB28041FB3477B0056C16D /* Info.plist */,
			);
			path = MissGemUITests;
			sourceTree = "<group>";
		};
		5D980C8A3C3FCE0685D90EEC /* Pods */ = {
			isa = PBXGroup;
			children = (
				C7405C3A2E4ADCC2724B3BC0 /* Pods-MissGem.debug.xcconfig */,
				60E6764A19DE4E47C466B540 /* Pods-MissGem.release.xcconfig */,
				3165071ABBCA7DE70F93267A /* Pods-MissGemTests.debug.xcconfig */,
				5321B5520EF3A3A556EDC158 /* Pods-MissGemTests.release.xcconfig */,
				4DE555DC45F7DD0A4DC1853C /* Pods-MissGemUITests.debug.xcconfig */,
				98826D23D2D241AE2473572B /* Pods-MissGemUITests.release.xcconfig */,
			);
			name = Pods;
			sourceTree = "<group>";
		};
		7C9FC30EF48462A2D7522BB7 /* Frameworks */ = {
			isa = PBXGroup;
			children = (
				32B4AC95A3B6345B7C5C4494 /* Pods_MissGem.framework */,
				AA5AEB88F6455EC2B2A33A06 /* Pods_MissGemTests.framework */,
				8F25AD5E0DAD67F10B8674FA /* Pods_MissGemUITests.framework */,
			);
			name = Frameworks;
			sourceTree = "<group>";
		};
/* End PBXGroup section */

/* Begin PBXNativeTarget section */
		02CB27D71FB3477B0056C16D /* MissGem */ = {
			isa = PBXNativeTarget;
			buildConfigurationList = 02CB28071FB3477B0056C16D /* Build configuration list for PBXNativeTarget "MissGem" */;
			buildPhases = (
				662F5FE416555C23F9934985 /* [CP] Check Pods Manifest.lock */,
				02CB27D41FB3477B0056C16D /* Sources */,
				02CB27D51FB3477B0056C16D /* Frameworks */,
				02CB27D61FB3477B0056C16D /* Resources */,
				3AFDD00799F316C7708739FC /* [CP] Embed Pods Frameworks */,
				2A40A353322A835D2741B775 /* [CP] Copy Pods Resources */,
			);
			buildRules = (
			);
			dependencies = (
			);
			name = MissGem;
			productName = MissGem;
			productReference = 02CB27D81FB3477B0056C16D /* MissGem.app */;
			productType = "com.apple.product-type.application";
		};
		02CB27F21FB3477B0056C16D /* MissGemTests */ = {
			isa = PBXNativeTarget;
			buildConfigurationList = 02CB280A1FB3477B0056C16D /* Build configuration list for PBXNativeTarget "MissGemTests" */;
			buildPhases = (
				0DC77D6328098146C391EFD3 /* [CP] Check Pods Manifest.lock */,
				02CB27EF1FB3477B0056C16D /* Sources */,
				02CB27F01FB3477B0056C16D /* Frameworks */,
				02CB27F11FB3477B0056C16D /* Resources */,
				1714D57E744C9E656475C347 /* [CP] Embed Pods Frameworks */,
				9C5AE303B5A89DB484E9FA50 /* [CP] Copy Pods Resources */,
			);
			buildRules = (
			);
			dependencies = (
				02CB27F51FB3477B0056C16D /* PBXTargetDependency */,
			);
			name = MissGemTests;
			productName = MissGemTests;
			productReference = 02CB27F31FB3477B0056C16D /* MissGemTests.xctest */;
			productType = "com.apple.product-type.bundle.unit-test";
		};
		02CB27FD1FB3477B0056C16D /* MissGemUITests */ = {
			isa = PBXNativeTarget;
			buildConfigurationList = 02CB280D1FB3477B0056C16D /* Build configuration list for PBXNativeTarget "MissGemUITests" */;
			buildPhases = (
				90A8FE5E49F7C1EAAB8A9A62 /* [CP] Check Pods Manifest.lock */,
				02CB27FA1FB3477B0056C16D /* Sources */,
				02CB27FB1FB3477B0056C16D /* Frameworks */,
				02CB27FC1FB3477B0056C16D /* Resources */,
				8CBD392990BCD208CCD9C0BF /* [CP] Embed Pods Frameworks */,
				E817AA81F7526932B131F16F /* [CP] Copy Pods Resources */,
			);
			buildRules = (
			);
			dependencies = (
				02CB28001FB3477B0056C16D /* PBXTargetDependency */,
			);
			name = MissGemUITests;
			productName = MissGemUITests;
			productReference = 02CB27FE1FB3477B0056C16D /* MissGemUITests.xctest */;
			productType = "com.apple.product-type.bundle.ui-testing";
		};
/* End PBXNativeTarget section */

/* Begin PBXProject section */
		02CB27D01FB3477B0056C16D /* Project object */ = {
			isa = PBXProject;
			attributes = {
				LastUpgradeCheck = 0910;
				ORGANIZATIONNAME = Augustus;
				TargetAttributes = {
					02CB27D71FB3477B0056C16D = {
						CreatedOnToolsVersion = 9.1;
						LastSwiftMigration = 0910;
						ProvisioningStyle = Automatic;
					};
					02CB27F21FB3477B0056C16D = {
						CreatedOnToolsVersion = 9.1;
						ProvisioningStyle = Automatic;
						TestTargetID = 02CB27D71FB3477B0056C16D;
					};
					02CB27FD1FB3477B0056C16D = {
						CreatedOnToolsVersion = 9.1;
						ProvisioningStyle = Automatic;
						TestTargetID = 02CB27D71FB3477B0056C16D;
					};
				};
			};
			buildConfigurationList = 02CB27D31FB3477B0056C16D /* Build configuration list for PBXProject "MissGem" */;
			compatibilityVersion = "Xcode 8.0";
			developmentRegion = en;
			hasScannedForEncodings = 0;
			knownRegions = (
				en,
				Base,
			);
			mainGroup = 02CB27CF1FB3477B0056C16D;
			productRefGroup = 02CB27D91FB3477B0056C16D /* Products */;
			projectDirPath = "";
			projectRoot = "";
			targets = (
				02CB27D71FB3477B0056C16D /* MissGem */,
				02CB27F21FB3477B0056C16D /* MissGemTests */,
				02CB27FD1FB3477B0056C16D /* MissGemUITests */,
			);
		};
/* End PBXProject section */

/* Begin PBXResourcesBuildPhase section */
		02CB27D61FB3477B0056C16D /* Resources */ = {
			isa = PBXResourcesBuildPhase;
			buildActionMask = 2147483647;
			files = (
				022903AD1FB4886000373981 /* Assets.xcassets in Resources */,
				022903AF1FB4886000373981 /* Main.storyboard in Resources */,
				022903AE1FB4886000373981 /* LaunchScreen.storyboard in Resources */,
				022903B21FB4886000373981 /* Info.plist in Resources */,
			);
			runOnlyForDeploymentPostprocessing = 0;
		};
		02CB27F11FB3477B0056C16D /* Resources */ = {
			isa = PBXResourcesBuildPhase;
			buildActionMask = 2147483647;
			files = (
			);
			runOnlyForDeploymentPostprocessing = 0;
		};
		02CB27FC1FB3477B0056C16D /* Resources */ = {
			isa = PBXResourcesBuildPhase;
			buildActionMask = 2147483647;
			files = (
			);
			runOnlyForDeploymentPostprocessing = 0;
		};
/* End PBXResourcesBuildPhase section */

/* Begin PBXShellScriptBuildPhase section */
		0DC77D6328098146C391EFD3 /* [CP] Check Pods Manifest.lock */ = {
			isa = PBXShellScriptBuildPhase;
			buildActionMask = 2147483647;
			files = (
			);
			inputPaths = (
				"${PODS_PODFILE_DIR_PATH}/Podfile.lock",
				"${PODS_ROOT}/Manifest.lock",
			);
			name = "[CP] Check Pods Manifest.lock";
			outputPaths = (
				"$(DERIVED_FILE_DIR)/Pods-MissGemTests-checkManifestLockResult.txt",
			);
			runOnlyForDeploymentPostprocessing = 0;
			shellPath = /bin/sh;
			shellScript = "diff \"${PODS_PODFILE_DIR_PATH}/Podfile.lock\" \"${PODS_ROOT}/Manifest.lock\" > /dev/null\nif [ $? != 0 ] ; then\n    # print error to STDERR\n    echo \"error: The sandbox is not in sync with the Podfile.lock. Run 'pod install' or update your CocoaPods installation.\" >&2\n    exit 1\nfi\n# This output is used by Xcode 'outputs' to avoid re-running this script phase.\necho \"SUCCESS\" > \"${SCRIPT_OUTPUT_FILE_0}\"\n";
			showEnvVarsInLog = 0;
		};
		1714D57E744C9E656475C347 /* [CP] Embed Pods Frameworks */ = {
			isa = PBXShellScriptBuildPhase;
			buildActionMask = 2147483647;
			files = (
			);
			inputPaths = (
			);
			name = "[CP] Embed Pods Frameworks";
			outputPaths = (
			);
			runOnlyForDeploymentPostprocessing = 0;
			shellPath = /bin/sh;
			shellScript = "\"${SRCROOT}/Pods/Target Support Files/Pods-MissGemTests/Pods-MissGemTests-frameworks.sh\"\n";
			showEnvVarsInLog = 0;
		};
		2A40A353322A835D2741B775 /* [CP] Copy Pods Resources */ = {
			isa = PBXShellScriptBuildPhase;
			buildActionMask = 2147483647;
			files = (
			);
			inputPaths = (
				"${SRCROOT}/Pods/Target Support Files/Pods-MissGem/Pods-MissGem-resources.sh",
				"${PODS_ROOT}/IQKeyboardManager/IQKeyboardManager/Resources/IQKeyboardManager.bundle",
				"${PODS_ROOT}/MJRefresh/MJRefresh/MJRefresh.bundle",
				"${PODS_ROOT}/SSKeychain/Support/SSKeychain.bundle",
			);
			name = "[CP] Copy Pods Resources";
			outputPaths = (
				"${TARGET_BUILD_DIR}/${UNLOCALIZED_RESOURCES_FOLDER_PATH}",
			);
			runOnlyForDeploymentPostprocessing = 0;
			shellPath = /bin/sh;
			shellScript = "\"${SRCROOT}/Pods/Target Support Files/Pods-MissGem/Pods-MissGem-resources.sh\"\n";
			showEnvVarsInLog = 0;
		};
		3AFDD00799F316C7708739FC /* [CP] Embed Pods Frameworks */ = {
			isa = PBXShellScriptBuildPhase;
			buildActionMask = 2147483647;
			files = (
			);
			inputPaths = (
				"${SRCROOT}/Pods/Target Support Files/Pods-MissGem/Pods-MissGem-frameworks.sh",
				"${BUILT_PRODUCTS_DIR}/IBAnimatable/IBAnimatable.framework",
				"${BUILT_PRODUCTS_DIR}/IQKeyboardManager/IQKeyboardManager.framework",
				"${BUILT_PRODUCTS_DIR}/MBProgressHUD/MBProgressHUD.framework",
				"${BUILT_PRODUCTS_DIR}/MJRefresh/MJRefresh.framework",
				"${BUILT_PRODUCTS_DIR}/RAMAnimatedTabBarController/RAMAnimatedTabBarController.framework",
				"${BUILT_PRODUCTS_DIR}/Reachability/Reachability.framework",
				"${BUILT_PRODUCTS_DIR}/Realm/Realm.framework",
				"${BUILT_PRODUCTS_DIR}/SAMKeychain/SAMKeychain.framework",
				"${BUILT_PRODUCTS_DIR}/SDWebImage/SDWebImage.framework",
				"${BUILT_PRODUCTS_DIR}/SVProgressHUD/SVProgressHUD.framework",
				"${BUILT_PRODUCTS_DIR}/lottie-ios/Lottie.framework",
			);
			name = "[CP] Embed Pods Frameworks";
			outputPaths = (
				"${TARGET_BUILD_DIR}/${FRAMEWORKS_FOLDER_PATH}/IBAnimatable.framework",
				"${TARGET_BUILD_DIR}/${FRAMEWORKS_FOLDER_PATH}/IQKeyboardManager.framework",
				"${TARGET_BUILD_DIR}/${FRAMEWORKS_FOLDER_PATH}/MBProgressHUD.framework",
				"${TARGET_BUILD_DIR}/${FRAMEWORKS_FOLDER_PATH}/MJRefresh.framework",
				"${TARGET_BUILD_DIR}/${FRAMEWORKS_FOLDER_PATH}/RAMAnimatedTabBarController.framework",
				"${TARGET_BUILD_DIR}/${FRAMEWORKS_FOLDER_PATH}/Reachability.framework",
				"${TARGET_BUILD_DIR}/${FRAMEWORKS_FOLDER_PATH}/Realm.framework",
				"${TARGET_BUILD_DIR}/${FRAMEWORKS_FOLDER_PATH}/SAMKeychain.framework",
				"${TARGET_BUILD_DIR}/${FRAMEWORKS_FOLDER_PATH}/SDWebImage.framework",
				"${TARGET_BUILD_DIR}/${FRAMEWORKS_FOLDER_PATH}/SVProgressHUD.framework",
				"${TARGET_BUILD_DIR}/${FRAMEWORKS_FOLDER_PATH}/Lottie.framework",
			);
			runOnlyForDeploymentPostprocessing = 0;
			shellPath = /bin/sh;
			shellScript = "\"${SRCROOT}/Pods/Target Support Files/Pods-MissGem/Pods-MissGem-frameworks.sh\"\n";
			showEnvVarsInLog = 0;
		};
		662F5FE416555C23F9934985 /* [CP] Check Pods Manifest.lock */ = {
			isa = PBXShellScriptBuildPhase;
			buildActionMask = 2147483647;
			files = (
			);
			inputPaths = (
				"${PODS_PODFILE_DIR_PATH}/Podfile.lock",
				"${PODS_ROOT}/Manifest.lock",
			);
			name = "[CP] Check Pods Manifest.lock";
			outputPaths = (
				"$(DERIVED_FILE_DIR)/Pods-MissGem-checkManifestLockResult.txt",
			);
			runOnlyForDeploymentPostprocessing = 0;
			shellPath = /bin/sh;
			shellScript = "diff \"${PODS_PODFILE_DIR_PATH}/Podfile.lock\" \"${PODS_ROOT}/Manifest.lock\" > /dev/null\nif [ $? != 0 ] ; then\n    # print error to STDERR\n    echo \"error: The sandbox is not in sync with the Podfile.lock. Run 'pod install' or update your CocoaPods installation.\" >&2\n    exit 1\nfi\n# This output is used by Xcode 'outputs' to avoid re-running this script phase.\necho \"SUCCESS\" > \"${SCRIPT_OUTPUT_FILE_0}\"\n";
			showEnvVarsInLog = 0;
		};
		8CBD392990BCD208CCD9C0BF /* [CP] Embed Pods Frameworks */ = {
			isa = PBXShellScriptBuildPhase;
			buildActionMask = 2147483647;
			files = (
			);
			inputPaths = (
			);
			name = "[CP] Embed Pods Frameworks";
			outputPaths = (
			);
			runOnlyForDeploymentPostprocessing = 0;
			shellPath = /bin/sh;
			shellScript = "\"${SRCROOT}/Pods/Target Support Files/Pods-MissGemUITests/Pods-MissGemUITests-frameworks.sh\"\n";
			showEnvVarsInLog = 0;
		};
		90A8FE5E49F7C1EAAB8A9A62 /* [CP] Check Pods Manifest.lock */ = {
			isa = PBXShellScriptBuildPhase;
			buildActionMask = 2147483647;
			files = (
			);
			inputPaths = (
				"${PODS_PODFILE_DIR_PATH}/Podfile.lock",
				"${PODS_ROOT}/Manifest.lock",
			);
			name = "[CP] Check Pods Manifest.lock";
			outputPaths = (
				"$(DERIVED_FILE_DIR)/Pods-MissGemUITests-checkManifestLockResult.txt",
			);
			runOnlyForDeploymentPostprocessing = 0;
			shellPath = /bin/sh;
			shellScript = "diff \"${PODS_PODFILE_DIR_PATH}/Podfile.lock\" \"${PODS_ROOT}/Manifest.lock\" > /dev/null\nif [ $? != 0 ] ; then\n    # print error to STDERR\n    echo \"error: The sandbox is not in sync with the Podfile.lock. Run 'pod install' or update your CocoaPods installation.\" >&2\n    exit 1\nfi\n# This output is used by Xcode 'outputs' to avoid re-running this script phase.\necho \"SUCCESS\" > \"${SCRIPT_OUTPUT_FILE_0}\"\n";
			showEnvVarsInLog = 0;
		};
		9C5AE303B5A89DB484E9FA50 /* [CP] Copy Pods Resources */ = {
			isa = PBXShellScriptBuildPhase;
			buildActionMask = 2147483647;
			files = (
			);
			inputPaths = (
			);
			name = "[CP] Copy Pods Resources";
			outputPaths = (
			);
			runOnlyForDeploymentPostprocessing = 0;
			shellPath = /bin/sh;
			shellScript = "\"${SRCROOT}/Pods/Target Support Files/Pods-MissGemTests/Pods-MissGemTests-resources.sh\"\n";
			showEnvVarsInLog = 0;
		};
		E817AA81F7526932B131F16F /* [CP] Copy Pods Resources */ = {
			isa = PBXShellScriptBuildPhase;
			buildActionMask = 2147483647;
			files = (
			);
			inputPaths = (
			);
			name = "[CP] Copy Pods Resources";
			outputPaths = (
			);
			runOnlyForDeploymentPostprocessing = 0;
			shellPath = /bin/sh;
			shellScript = "\"${SRCROOT}/Pods/Target Support Files/Pods-MissGemUITests/Pods-MissGemUITests-resources.sh\"\n";
			showEnvVarsInLog = 0;
		};
/* End PBXShellScriptBuildPhase section */

/* Begin PBXSourcesBuildPhase section */
		02CB27D41FB3477B0056C16D /* Sources */ = {
			isa = PBXSourcesBuildPhase;
			buildActionMask = 2147483647;
			files = (
				022903F81FB4948400373981 /* NSData+AES256.m in Sources */,
				022903F21FB4948400373981 /* Outgoing+QQ.m in Sources */,
				022903F51FB4948400373981 /* Outgoing.m in Sources */,
				022903BC1FB4900E00373981 /* GEMHomeViewController.m in Sources */,
				022903F61FB4948400373981 /* Outgoing+BaoPaiement.m in Sources */,
				022903BF1FB4903500373981 /* GEMColumnTableViewCell.m in Sources */,
				022903F91FB4948400373981 /* NSString+MD5.m in Sources */,
				022903F31FB4948400373981 /* Outgoing+Renren.m in Sources */,
				022903F41FB4948400373981 /* Outgoing+Weibo.m in Sources */,
				022903F71FB4948400373981 /* Outgoing+Weixin.m in Sources */,
				022903B11FB4886000373981 /* AppDelegate.m in Sources */,
				022903B01FB4886000373981 /* main.m in Sources */,
			);
			runOnlyForDeploymentPostprocessing = 0;
		};
		02CB27EF1FB3477B0056C16D /* Sources */ = {
			isa = PBXSourcesBuildPhase;
			buildActionMask = 2147483647;
			files = (
				02CB27F81FB3477B0056C16D /* MissGemTests.m in Sources */,
			);
			runOnlyForDeploymentPostprocessing = 0;
		};
		02CB27FA1FB3477B0056C16D /* Sources */ = {
			isa = PBXSourcesBuildPhase;
			buildActionMask = 2147483647;
			files = (
				02CB28031FB3477B0056C16D /* MissGemUITests.m in Sources */,
			);
			runOnlyForDeploymentPostprocessing = 0;
		};
/* End PBXSourcesBuildPhase section */

/* Begin PBXTargetDependency section */
		02CB27F51FB3477B0056C16D /* PBXTargetDependency */ = {
			isa = PBXTargetDependency;
			target = 02CB27D71FB3477B0056C16D /* MissGem */;
			targetProxy = 02CB27F41FB3477B0056C16D /* PBXContainerItemProxy */;
		};
		02CB28001FB3477B0056C16D /* PBXTargetDependency */ = {
			isa = PBXTargetDependency;
			target = 02CB27D71FB3477B0056C16D /* MissGem */;
			targetProxy = 02CB27FF1FB3477B0056C16D /* PBXContainerItemProxy */;
		};
/* End PBXTargetDependency section */

/* Begin PBXVariantGroup section */
		022903A61FB4886000373981 /* LaunchScreen.storyboard */ = {
			isa = PBXVariantGroup;
			children = (
				022903A71FB4886000373981 /* Base */,
			);
			name = LaunchScreen.storyboard;
			sourceTree = "<group>";
		};
		022903A81FB4886000373981 /* Main.storyboard */ = {
			isa = PBXVariantGroup;
			children = (
				022903A91FB4886000373981 /* Base */,
			);
			name = Main.storyboard;
			sourceTree = "<group>";
		};
/* End PBXVariantGroup section */

/* Begin XCBuildConfiguration section */
		02CB28051FB3477B0056C16D /* Debug */ = {
			isa = XCBuildConfiguration;
			buildSettings = {
				ALWAYS_SEARCH_USER_PATHS = NO;
				CLANG_ANALYZER_NONNULL = YES;
				CLANG_ANALYZER_NUMBER_OBJECT_CONVERSION = YES_AGGRESSIVE;
				CLANG_CXX_LANGUAGE_STANDARD = "gnu++14";
				CLANG_CXX_LIBRARY = "libc++";
				CLANG_ENABLE_MODULES = YES;
				CLANG_ENABLE_OBJC_ARC = YES;
				CLANG_WARN_BLOCK_CAPTURE_AUTORELEASING = YES;
				CLANG_WARN_BOOL_CONVERSION = YES;
				CLANG_WARN_COMMA = YES;
				CLANG_WARN_CONSTANT_CONVERSION = YES;
				CLANG_WARN_DIRECT_OBJC_ISA_USAGE = YES_ERROR;
				CLANG_WARN_DOCUMENTATION_COMMENTS = YES;
				CLANG_WARN_EMPTY_BODY = YES;
				CLANG_WARN_ENUM_CONVERSION = YES;
				CLANG_WARN_INFINITE_RECURSION = YES;
				CLANG_WARN_INT_CONVERSION = YES;
				CLANG_WARN_NON_LITERAL_NULL_CONVERSION = YES;
				CLANG_WARN_OBJC_LITERAL_CONVERSION = YES;
				CLANG_WARN_OBJC_ROOT_CLASS = YES_ERROR;
				CLANG_WARN_RANGE_LOOP_ANALYSIS = YES;
				CLANG_WARN_STRICT_PROTOTYPES = YES;
				CLANG_WARN_SUSPICIOUS_MOVE = YES;
				CLANG_WARN_UNGUARDED_AVAILABILITY = YES_AGGRESSIVE;
				CLANG_WARN_UNREACHABLE_CODE = YES;
				CLANG_WARN__DUPLICATE_METHOD_MATCH = YES;
				CODE_SIGN_IDENTITY = "iPhone Developer";
				COPY_PHASE_STRIP = NO;
				DEBUG_INFORMATION_FORMAT = dwarf;
				ENABLE_STRICT_OBJC_MSGSEND = YES;
				ENABLE_TESTABILITY = YES;
				GCC_C_LANGUAGE_STANDARD = gnu11;
				GCC_DYNAMIC_NO_PIC = NO;
				GCC_NO_COMMON_BLOCKS = YES;
				GCC_OPTIMIZATION_LEVEL = 0;
				GCC_PREPROCESSOR_DEFINITIONS = (
					"DEBUG=1",
					"$(inherited)",
				);
				GCC_WARN_64_TO_32_BIT_CONVERSION = YES;
				GCC_WARN_ABOUT_RETURN_TYPE = YES_ERROR;
				GCC_WARN_UNDECLARED_SELECTOR = YES;
				GCC_WARN_UNINITIALIZED_AUTOS = YES_AGGRESSIVE;
				GCC_WARN_UNUSED_FUNCTION = YES;
				GCC_WARN_UNUSED_VARIABLE = YES;
				IPHONEOS_DEPLOYMENT_TARGET = 11.1;
				MTL_ENABLE_DEBUG_INFO = YES;
				ONLY_ACTIVE_ARCH = YES;
				SDKROOT = iphoneos;
				SWIFT_VERSION = 4.0;
			};
			name = Debug;
		};
		02CB28061FB3477B0056C16D /* Release */ = {
			isa = XCBuildConfiguration;
			buildSettings = {
				ALWAYS_SEARCH_USER_PATHS = NO;
				CLANG_ANALYZER_NONNULL = YES;
				CLANG_ANALYZER_NUMBER_OBJECT_CONVERSION = YES_AGGRESSIVE;
				CLANG_CXX_LANGUAGE_STANDARD = "gnu++14";
				CLANG_CXX_LIBRARY = "libc++";
				CLANG_ENABLE_MODULES = YES;
				CLANG_ENABLE_OBJC_ARC = YES;
				CLANG_WARN_BLOCK_CAPTURE_AUTORELEASING = YES;
				CLANG_WARN_BOOL_CONVERSION = YES;
				CLANG_WARN_COMMA = YES;
				CLANG_WARN_CONSTANT_CONVERSION = YES;
				CLANG_WARN_DIRECT_OBJC_ISA_USAGE = YES_ERROR;
				CLANG_WARN_DOCUMENTATION_COMMENTS = YES;
				CLANG_WARN_EMPTY_BODY = YES;
				CLANG_WARN_ENUM_CONVERSION = YES;
				CLANG_WARN_INFINITE_RECURSION = YES;
				CLANG_WARN_INT_CONVERSION = YES;
				CLANG_WARN_NON_LITERAL_NULL_CONVERSION = YES;
				CLANG_WARN_OBJC_LITERAL_CONVERSION = YES;
				CLANG_WARN_OBJC_ROOT_CLASS = YES_ERROR;
				CLANG_WARN_RANGE_LOOP_ANALYSIS = YES;
				CLANG_WARN_STRICT_PROTOTYPES = YES;
				CLANG_WARN_SUSPICIOUS_MOVE = YES;
				CLANG_WARN_UNGUARDED_AVAILABILITY = YES_AGGRESSIVE;
				CLANG_WARN_UNREACHABLE_CODE = YES;
				CLANG_WARN__DUPLICATE_METHOD_MATCH = YES;
				CODE_SIGN_IDENTITY = "iPhone Developer";
				COPY_PHASE_STRIP = NO;
				DEBUG_INFORMATION_FORMAT = "dwarf-with-dsym";
				ENABLE_NS_ASSERTIONS = NO;
				ENABLE_STRICT_OBJC_MSGSEND = YES;
				GCC_C_LANGUAGE_STANDARD = gnu11;
				GCC_NO_COMMON_BLOCKS = YES;
				GCC_WARN_64_TO_32_BIT_CONVERSION = YES;
				GCC_WARN_ABOUT_RETURN_TYPE = YES_ERROR;
				GCC_WARN_UNDECLARED_SELECTOR = YES;
				GCC_WARN_UNINITIALIZED_AUTOS = YES_AGGRESSIVE;
				GCC_WARN_UNUSED_FUNCTION = YES;
				GCC_WARN_UNUSED_VARIABLE = YES;
				IPHONEOS_DEPLOYMENT_TARGET = 11.1;
				MTL_ENABLE_DEBUG_INFO = NO;
				SDKROOT = iphoneos;
				SWIFT_VERSION = 4.0;
				VALIDATE_PRODUCT = YES;
			};
			name = Release;
		};
		02CB28081FB3477B0056C16D /* Debug */ = {
			isa = XCBuildConfiguration;
			baseConfigurationReference = C7405C3A2E4ADCC2724B3BC0 /* Pods-MissGem.debug.xcconfig */;
			buildSettings = {
				ASSETCATALOG_COMPILER_APPICON_NAME = AppIcon;
				CLANG_ENABLE_MODULES = YES;
				CODE_SIGN_STYLE = Automatic;
				DEVELOPMENT_TEAM = T73CJ3E649;
				INFOPLIST_FILE = MissGem/Info.plist;
				IPHONEOS_DEPLOYMENT_TARGET = 9.0;
				LD_RUNPATH_SEARCH_PATHS = "$(inherited) @executable_path/Frameworks";
				PRODUCT_BUNDLE_IDENTIFIER = com.MissGem.MissGem;
				PRODUCT_NAME = "$(TARGET_NAME)";
				SWIFT_OBJC_BRIDGING_HEADER = "MissGem/SupportingFiles/MissGem-Bridging-Header.h";
				SWIFT_OPTIMIZATION_LEVEL = "-Onone";
				SWIFT_VERSION = 4.0;
				TARGETED_DEVICE_FAMILY = "1,2";
			};
			name = Debug;
		};
		02CB28091FB3477B0056C16D /* Release */ = {
			isa = XCBuildConfiguration;
			baseConfigurationReference = 60E6764A19DE4E47C466B540 /* Pods-MissGem.release.xcconfig */;
			buildSettings = {
				ASSETCATALOG_COMPILER_APPICON_NAME = AppIcon;
				CLANG_ENABLE_MODULES = YES;
				CODE_SIGN_STYLE = Automatic;
				DEVELOPMENT_TEAM = T73CJ3E649;
				INFOPLIST_FILE = MissGem/Info.plist;
				IPHONEOS_DEPLOYMENT_TARGET = 9.0;
				LD_RUNPATH_SEARCH_PATHS = "$(inherited) @executable_path/Frameworks";
				PRODUCT_BUNDLE_IDENTIFIER = com.MissGem.MissGem;
				PRODUCT_NAME = "$(TARGET_NAME)";
				SWIFT_OBJC_BRIDGING_HEADER = "MissGem/SupportingFiles/MissGem-Bridging-Header.h";
				SWIFT_VERSION = 4.0;
				TARGETED_DEVICE_FAMILY = "1,2";
			};
			name = Release;
		};
		02CB280B1FB3477B0056C16D /* Debug */ = {
			isa = XCBuildConfiguration;
			baseConfigurationReference = 3165071ABBCA7DE70F93267A /* Pods-MissGemTests.debug.xcconfig */;
			buildSettings = {
				BUNDLE_LOADER = "$(TEST_HOST)";
				CODE_SIGN_STYLE = Automatic;
				DEVELOPMENT_TEAM = T73CJ3E649;
				INFOPLIST_FILE = MissGemTests/Info.plist;
				LD_RUNPATH_SEARCH_PATHS = "$(inherited) @executable_path/Frameworks @loader_path/Frameworks";
				PRODUCT_BUNDLE_IDENTIFIER = com.MissGem.MissGemTests;
				PRODUCT_NAME = "$(TARGET_NAME)";
				TARGETED_DEVICE_FAMILY = "1,2";
				TEST_HOST = "$(BUILT_PRODUCTS_DIR)/MissGem.app/MissGem";
			};
			name = Debug;
		};
		02CB280C1FB3477B0056C16D /* Release */ = {
			isa = XCBuildConfiguration;
			baseConfigurationReference = 5321B5520EF3A3A556EDC158 /* Pods-MissGemTests.release.xcconfig */;
			buildSettings = {
				BUNDLE_LOADER = "$(TEST_HOST)";
				CODE_SIGN_STYLE = Automatic;
				DEVELOPMENT_TEAM = T73CJ3E649;
				INFOPLIST_FILE = MissGemTests/Info.plist;
				LD_RUNPATH_SEARCH_PATHS = "$(inherited) @executable_path/Frameworks @loader_path/Frameworks";
				PRODUCT_BUNDLE_IDENTIFIER = com.MissGem.MissGemTests;
				PRODUCT_NAME = "$(TARGET_NAME)";
				TARGETED_DEVICE_FAMILY = "1,2";
				TEST_HOST = "$(BUILT_PRODUCTS_DIR)/MissGem.app/MissGem";
			};
			name = Release;
		};
		02CB280E1FB3477B0056C16D /* Debug */ = {
			isa = XCBuildConfiguration;
			baseConfigurationReference = 4DE555DC45F7DD0A4DC1853C /* Pods-MissGemUITests.debug.xcconfig */;
			buildSettings = {
				CODE_SIGN_STYLE = Automatic;
				DEVELOPMENT_TEAM = T73CJ3E649;
				INFOPLIST_FILE = MissGemUITests/Info.plist;
				LD_RUNPATH_SEARCH_PATHS = "$(inherited) @executable_path/Frameworks @loader_path/Frameworks";
				PRODUCT_BUNDLE_IDENTIFIER = com.MissGem.MissGemUITests;
				PRODUCT_NAME = "$(TARGET_NAME)";
				TARGETED_DEVICE_FAMILY = "1,2";
				TEST_TARGET_NAME = MissGem;
			};
			name = Debug;
		};
		02CB280F1FB3477B0056C16D /* Release */ = {
			isa = XCBuildConfiguration;
			baseConfigurationReference = 98826D23D2D241AE2473572B /* Pods-MissGemUITests.release.xcconfig */;
			buildSettings = {
				CODE_SIGN_STYLE = Automatic;
				DEVELOPMENT_TEAM = T73CJ3E649;
				INFOPLIST_FILE = MissGemUITests/Info.plist;
				LD_RUNPATH_SEARCH_PATHS = "$(inherited) @executable_path/Frameworks @loader_path/Frameworks";
				PRODUCT_BUNDLE_IDENTIFIER = com.MissGem.MissGemUITests;
				PRODUCT_NAME = "$(TARGET_NAME)";
				TARGETED_DEVICE_FAMILY = "1,2";
				TEST_TARGET_NAME = MissGem;
			};
			name = Release;
		};
/* End XCBuildConfiguration section */

/* Begin XCConfigurationList section */
		02CB27D31FB3477B0056C16D /* Build configuration list for PBXProject "MissGem" */ = {
			isa = XCConfigurationList;
			buildConfigurations = (
				02CB28051FB3477B0056C16D /* Debug */,
				02CB28061FB3477B0056C16D /* Release */,
			);
			defaultConfigurationIsVisible = 0;
			defaultConfigurationName = Release;
		};
		02CB28071FB3477B0056C16D /* Build configuration list for PBXNativeTarget "MissGem" */ = {
			isa = XCConfigurationList;
			buildConfigurations = (
				02CB28081FB3477B0056C16D /* Debug */,
				02CB28091FB3477B0056C16D /* Release */,
			);
			defaultConfigurationIsVisible = 0;
			defaultConfigurationName = Release;
		};
		02CB280A1FB3477B0056C16D /* Build configuration list for PBXNativeTarget "MissGemTests" */ = {
			isa = XCConfigurationList;
			buildConfigurations = (
				02CB280B1FB3477B0056C16D /* Debug */,
				02CB280C1FB3477B0056C16D /* Release */,
			);
			defaultConfigurationIsVisible = 0;
			defaultConfigurationName = Release;
		};
		02CB280D1FB3477B0056C16D /* Build configuration list for PBXNativeTarget "MissGemUITests" */ = {
			isa = XCConfigurationList;
			buildConfigurations = (
				02CB280E1FB3477B0056C16D /* Debug */,
				02CB280F1FB3477B0056C16D /* Release */,
			);
			defaultConfigurationIsVisible = 0;
			defaultConfigurationName = Release;
		};
/* End XCConfigurationList section */
	};
	rootObject = 02CB27D01FB3477B0056C16D /* Project object */;
}
